
Microsoft Visual Studio Solution File, Format Version 12.00
# Visual Studio Version 17
VisualStudioVersion = 17.10.35013.160
MinimumVisualStudioVersion = 10.0.40219.1
Project("{FAE04EC0-301F-11D3-BF4B-00C04F79EFBC}") = "Semana 8", "Semana 8\Semana 8.csproj", "{77A6485C-EB4A-4F5C-A1D7-AC8C517808DB}"
EndProject
Global
	GlobalSection(SolutionConfigurationPlatforms) = preSolution
		Debug|Any CPU = Debug|Any CPU
		Release|Any CPU = Release|Any CPU
	EndGlobalSection
	GlobalSection(ProjectConfigurationPlatforms) = postSolution
		{77A6485C-EB4A-4F5C-A1D7-AC8C517808DB}.Debug|Any CPU.ActiveCfg = Debug|Any CPU
		{77A6485C-EB4A-4F5C-A1D7-AC8C517808DB}.Debug|Any CPU.Build.0 = Debug|Any CPU
		{77A6485C-EB4A-4F5C-A1D7-AC8C517808DB}.Release|Any CPU.ActiveCfg = Release|Any CPU
		{77A6485C-EB4A-4F5C-A1D7-AC8C517808DB}.Release|Any CPU.Build.0 = Release|Any CPU
	EndGlobalSection
	GlobalSection(SolutionProperties) = preSolution
		HideSolutionNode = FALSE
	EndGlobalSection
	GlobalSection(ExtensibilityGlobals) = postSolution
		SolutionGuid = {3232FBC5-9729-4F69-9507-22166303D6B0}
	EndGlobalSection
EndGlobal
